
Microsoft Visual Studio Solution File, Format Version 12.00
# Visual Studio 14
VisualStudioVersion = 14.0.25420.1
MinimumVisualStudioVersion = 10.0.40219.1
Project("{FAE04EC0-301F-11D3-BF4B-00C04F79EFBC}") = "Direct.Core", "Direct.Core\Direct.Core.csproj", "{79BF132C-FE95-4096-8BED-7E981C50E71C}"
EndProject
Project("{FAE04EC0-301F-11D3-BF4B-00C04F79EFBC}") = "Direct.Test", "Direct.Test\Direct.Test.csproj", "{D38384AF-8EBF-4EA5-A2B4-2CBA31DD7B9C}"
EndProject
Project("{FAE04EC0-301F-11D3-BF4B-00C04F79EFBC}") = "MobilePaywall.Core", "..\..\..\MobilePaywall\trunk\MobilePaywall.Core\MobilePaywall.Core.csproj", "{4E086F05-DEDB-4399-8876-C988CB6CDDC8}"
EndProject
Project("{FAE04EC0-301F-11D3-BF4B-00C04F79EFBC}") = "Direct.Data", "Direct.Data\Direct.Data.csproj", "{F9B510C8-F7AC-439A-82D6-23D3F08DE95E}"
EndProject
Global
	GlobalSection(SolutionConfigurationPlatforms) = preSolution
		Debug|Any CPU = Debug|Any CPU
		Debug|x64 = Debug|x64
		Live.Debug|Any CPU = Live.Debug|Any CPU
		Live.Debug|x64 = Live.Debug|x64
		Live.Iran.Release|Any CPU = Live.Iran.Release|Any CPU
		Live.Iran.Release|x64 = Live.Iran.Release|x64
		Live.Release|Any CPU = Live.Release|Any CPU
		Live.Release|x64 = Live.Release|x64
		Release|Any CPU = Release|Any CPU
		Release|x64 = Release|x64
		Test.Debug|Any CPU = Test.Debug|Any CPU
		Test.Debug|x64 = Test.Debug|x64
		Test.Release|Any CPU = Test.Release|Any CPU
		Test.Release|x64 = Test.Release|x64
	EndGlobalSection
	GlobalSection(ProjectConfigurationPlatforms) = postSolution
		{79BF132C-FE95-4096-8BED-7E981C50E71C}.Debug|Any CPU.ActiveCfg = Debug|Any CPU
		{79BF132C-FE95-4096-8BED-7E981C50E71C}.Debug|Any CPU.Build.0 = Debug|Any CPU
		{79BF132C-FE95-4096-8BED-7E981C50E71C}.Debug|x64.ActiveCfg = Debug|Any CPU
		{79BF132C-FE95-4096-8BED-7E981C50E71C}.Debug|x64.Build.0 = Debug|Any CPU
		{79BF132C-FE95-4096-8BED-7E981C50E71C}.Live.Debug|Any CPU.ActiveCfg = Debug|Any CPU
		{79BF132C-FE95-4096-8BED-7E981C50E71C}.Live.Debug|Any CPU.Build.0 = Debug|Any CPU
		{79BF132C-FE95-4096-8BED-7E981C50E71C}.Live.Debug|x64.ActiveCfg = Debug|Any CPU
		{79BF132C-FE95-4096-8BED-7E981C50E71C}.Live.Debug|x64.Build.0 = Debug|Any CPU
		{79BF132C-FE95-4096-8BED-7E981C50E71C}.Live.Iran.Release|Any CPU.ActiveCfg = Release|Any CPU
		{79BF132C-FE95-4096-8BED-7E981C50E71C}.Live.Iran.Release|Any CPU.Build.0 = Release|Any CPU
		{79BF132C-FE95-4096-8BED-7E981C50E71C}.Live.Iran.Release|x64.ActiveCfg = Release|Any CPU
		{79BF132C-FE95-4096-8BED-7E981C50E71C}.Live.Iran.Release|x64.Build.0 = Release|Any CPU
		{79BF132C-FE95-4096-8BED-7E981C50E71C}.Live.Release|Any CPU.ActiveCfg = Release|Any CPU
		{79BF132C-FE95-4096-8BED-7E981C50E71C}.Live.Release|Any CPU.Build.0 = Release|Any CPU
		{79BF132C-FE95-4096-8BED-7E981C50E71C}.Live.Release|x64.ActiveCfg = Release|Any CPU
		{79BF132C-FE95-4096-8BED-7E981C50E71C}.Live.Release|x64.Build.0 = Release|Any CPU
		{79BF132C-FE95-4096-8BED-7E981C50E71C}.Release|Any CPU.ActiveCfg = Release|Any CPU
		{79BF132C-FE95-4096-8BED-7E981C50E71C}.Release|Any CPU.Build.0 = Release|Any CPU
		{79BF132C-FE95-4096-8BED-7E981C50E71C}.Release|x64.ActiveCfg = Release|Any CPU
		{79BF132C-FE95-4096-8BED-7E981C50E71C}.Release|x64.Build.0 = Release|Any CPU
		{79BF132C-FE95-4096-8BED-7E981C50E71C}.Test.Debug|Any CPU.ActiveCfg = Debug|Any CPU
		{79BF132C-FE95-4096-8BED-7E981C50E71C}.Test.Debug|Any CPU.Build.0 = Debug|Any CPU
		{79BF132C-FE95-4096-8BED-7E981C50E71C}.Test.Debug|x64.ActiveCfg = Debug|Any CPU
		{79BF132C-FE95-4096-8BED-7E981C50E71C}.Test.Debug|x64.Build.0 = Debug|Any CPU
		{79BF132C-FE95-4096-8BED-7E981C50E71C}.Test.Release|Any CPU.ActiveCfg = Release|Any CPU
		{79BF132C-FE95-4096-8BED-7E981C50E71C}.Test.Release|Any CPU.Build.0 = Release|Any CPU
		{79BF132C-FE95-4096-8BED-7E981C50E71C}.Test.Release|x64.ActiveCfg = Release|Any CPU
		{79BF132C-FE95-4096-8BED-7E981C50E71C}.Test.Release|x64.Build.0 = Release|Any CPU
		{D38384AF-8EBF-4EA5-A2B4-2CBA31DD7B9C}.Debug|Any CPU.ActiveCfg = Debug|Any CPU
		{D38384AF-8EBF-4EA5-A2B4-2CBA31DD7B9C}.Debug|Any CPU.Build.0 = Debug|Any CPU
		{D38384AF-8EBF-4EA5-A2B4-2CBA31DD7B9C}.Debug|x64.ActiveCfg = Debug|Any CPU
		{D38384AF-8EBF-4EA5-A2B4-2CBA31DD7B9C}.Debug|x64.Build.0 = Debug|Any CPU
		{D38384AF-8EBF-4EA5-A2B4-2CBA31DD7B9C}.Live.Debug|Any CPU.ActiveCfg = Debug|Any CPU
		{D38384AF-8EBF-4EA5-A2B4-2CBA31DD7B9C}.Live.Debug|Any CPU.Build.0 = Debug|Any CPU
		{D38384AF-8EBF-4EA5-A2B4-2CBA31DD7B9C}.Live.Debug|x64.ActiveCfg = Debug|Any CPU
		{D38384AF-8EBF-4EA5-A2B4-2CBA31DD7B9C}.Live.Debug|x64.Build.0 = Debug|Any CPU
		{D38384AF-8EBF-4EA5-A2B4-2CBA31DD7B9C}.Live.Iran.Release|Any CPU.ActiveCfg = Release|Any CPU
		{D38384AF-8EBF-4EA5-A2B4-2CBA31DD7B9C}.Live.Iran.Release|Any CPU.Build.0 = Release|Any CPU
		{D38384AF-8EBF-4EA5-A2B4-2CBA31DD7B9C}.Live.Iran.Release|x64.ActiveCfg = Release|Any CPU
		{D38384AF-8EBF-4EA5-A2B4-2CBA31DD7B9C}.Live.Iran.Release|x64.Build.0 = Release|Any CPU
		{D38384AF-8EBF-4EA5-A2B4-2CBA31DD7B9C}.Live.Release|Any CPU.ActiveCfg = Release|Any CPU
		{D38384AF-8EBF-4EA5-A2B4-2CBA31DD7B9C}.Live.Release|Any CPU.Build.0 = Release|Any CPU
		{D38384AF-8EBF-4EA5-A2B4-2CBA31DD7B9C}.Live.Release|x64.ActiveCfg = Release|Any CPU
		{D38384AF-8EBF-4EA5-A2B4-2CBA31DD7B9C}.Live.Release|x64.Build.0 = Release|Any CPU
		{D38384AF-8EBF-4EA5-A2B4-2CBA31DD7B9C}.Release|Any CPU.ActiveCfg = Release|Any CPU
		{D38384AF-8EBF-4EA5-A2B4-2CBA31DD7B9C}.Release|Any CPU.Build.0 = Release|Any CPU
		{D38384AF-8EBF-4EA5-A2B4-2CBA31DD7B9C}.Release|x64.ActiveCfg = Release|Any CPU
		{D38384AF-8EBF-4EA5-A2B4-2CBA31DD7B9C}.Release|x64.Build.0 = Release|Any CPU
		{D38384AF-8EBF-4EA5-A2B4-2CBA31DD7B9C}.Test.Debug|Any CPU.ActiveCfg = Debug|Any CPU
		{D38384AF-8EBF-4EA5-A2B4-2CBA31DD7B9C}.Test.Debug|Any CPU.Build.0 = Debug|Any CPU
		{D38384AF-8EBF-4EA5-A2B4-2CBA31DD7B9C}.Test.Debug|x64.ActiveCfg = Debug|Any CPU
		{D38384AF-8EBF-4EA5-A2B4-2CBA31DD7B9C}.Test.Debug|x64.Build.0 = Debug|Any CPU
		{D38384AF-8EBF-4EA5-A2B4-2CBA31DD7B9C}.Test.Release|Any CPU.ActiveCfg = Release|Any CPU
		{D38384AF-8EBF-4EA5-A2B4-2CBA31DD7B9C}.Test.Release|Any CPU.Build.0 = Release|Any CPU
		{D38384AF-8EBF-4EA5-A2B4-2CBA31DD7B9C}.Test.Release|x64.ActiveCfg = Release|Any CPU
		{D38384AF-8EBF-4EA5-A2B4-2CBA31DD7B9C}.Test.Release|x64.Build.0 = Release|Any CPU
		{4E086F05-DEDB-4399-8876-C988CB6CDDC8}.Debug|Any CPU.ActiveCfg = Debug|Any CPU
		{4E086F05-DEDB-4399-8876-C988CB6CDDC8}.Debug|Any CPU.Build.0 = Debug|Any CPU
		{4E086F05-DEDB-4399-8876-C988CB6CDDC8}.Debug|x64.ActiveCfg = Debug|x64
		{4E086F05-DEDB-4399-8876-C988CB6CDDC8}.Debug|x64.Build.0 = Debug|x64
		{4E086F05-DEDB-4399-8876-C988CB6CDDC8}.Live.Debug|Any CPU.ActiveCfg = Live.Debug|Any CPU
		{4E086F05-DEDB-4399-8876-C988CB6CDDC8}.Live.Debug|Any CPU.Build.0 = Live.Debug|Any CPU
		{4E086F05-DEDB-4399-8876-C988CB6CDDC8}.Live.Debug|x64.ActiveCfg = Live.Debug|x64
		{4E086F05-DEDB-4399-8876-C988CB6CDDC8}.Live.Debug|x64.Build.0 = Live.Debug|x64
		{4E086F05-DEDB-4399-8876-C988CB6CDDC8}.Live.Iran.Release|Any CPU.ActiveCfg = Live.Iran.Release|Any CPU
		{4E086F05-DEDB-4399-8876-C988CB6CDDC8}.Live.Iran.Release|Any CPU.Build.0 = Live.Iran.Release|Any CPU
		{4E086F05-DEDB-4399-8876-C988CB6CDDC8}.Live.Iran.Release|x64.ActiveCfg = Live.Iran.Release|x64
		{4E086F05-DEDB-4399-8876-C988CB6CDDC8}.Live.Iran.Release|x64.Build.0 = Live.Iran.Release|x64
		{4E086F05-DEDB-4399-8876-C988CB6CDDC8}.Live.Release|Any CPU.ActiveCfg = Live.Release|Any CPU
		{4E086F05-DEDB-4399-8876-C988CB6CDDC8}.Live.Release|Any CPU.Build.0 = Live.Release|Any CPU
		{4E086F05-DEDB-4399-8876-C988CB6CDDC8}.Live.Release|x64.ActiveCfg = Live.Release|x64
		{4E086F05-DEDB-4399-8876-C988CB6CDDC8}.Live.Release|x64.Build.0 = Live.Release|x64
		{4E086F05-DEDB-4399-8876-C988CB6CDDC8}.Release|Any CPU.ActiveCfg = Release|Any CPU
		{4E086F05-DEDB-4399-8876-C988CB6CDDC8}.Release|Any CPU.Build.0 = Release|Any CPU
		{4E086F05-DEDB-4399-8876-C988CB6CDDC8}.Release|x64.ActiveCfg = Release|x64
		{4E086F05-DEDB-4399-8876-C988CB6CDDC8}.Release|x64.Build.0 = Release|x64
		{4E086F05-DEDB-4399-8876-C988CB6CDDC8}.Test.Debug|Any CPU.ActiveCfg = Test.Debug|Any CPU
		{4E086F05-DEDB-4399-8876-C988CB6CDDC8}.Test.Debug|Any CPU.Build.0 = Test.Debug|Any CPU
		{4E086F05-DEDB-4399-8876-C988CB6CDDC8}.Test.Debug|x64.ActiveCfg = Test.Debug|x64
		{4E086F05-DEDB-4399-8876-C988CB6CDDC8}.Test.Debug|x64.Build.0 = Test.Debug|x64
		{4E086F05-DEDB-4399-8876-C988CB6CDDC8}.Test.Release|Any CPU.ActiveCfg = Test.Release|Any CPU
		{4E086F05-DEDB-4399-8876-C988CB6CDDC8}.Test.Release|Any CPU.Build.0 = Test.Release|Any CPU
		{4E086F05-DEDB-4399-8876-C988CB6CDDC8}.Test.Release|x64.ActiveCfg = Test.Release|x64
		{4E086F05-DEDB-4399-8876-C988CB6CDDC8}.Test.Release|x64.Build.0 = Test.Release|x64
		{F9B510C8-F7AC-439A-82D6-23D3F08DE95E}.Debug|Any CPU.ActiveCfg = Debug|Any CPU
		{F9B510C8-F7AC-439A-82D6-23D3F08DE95E}.Debug|Any CPU.Build.0 = Debug|Any CPU
		{F9B510C8-F7AC-439A-82D6-23D3F08DE95E}.Debug|x64.ActiveCfg = Debug|Any CPU
		{F9B510C8-F7AC-439A-82D6-23D3F08DE95E}.Debug|x64.Build.0 = Debug|Any CPU
		{F9B510C8-F7AC-439A-82D6-23D3F08DE95E}.Live.Debug|Any CPU.ActiveCfg = Debug|Any CPU
		{F9B510C8-F7AC-439A-82D6-23D3F08DE95E}.Live.Debug|Any CPU.Build.0 = Debug|Any CPU
		{F9B510C8-F7AC-439A-82D6-23D3F08DE95E}.Live.Debug|x64.ActiveCfg = Debug|Any CPU
		{F9B510C8-F7AC-439A-82D6-23D3F08DE95E}.Live.Debug|x64.Build.0 = Debug|Any CPU
		{F9B510C8-F7AC-439A-82D6-23D3F08DE95E}.Live.Iran.Release|Any CPU.ActiveCfg = Release|Any CPU
		{F9B510C8-F7AC-439A-82D6-23D3F08DE95E}.Live.Iran.Release|Any CPU.Build.0 = Release|Any CPU
		{F9B510C8-F7AC-439A-82D6-23D3F08DE95E}.Live.Iran.Release|x64.ActiveCfg = Release|Any CPU
		{F9B510C8-F7AC-439A-82D6-23D3F08DE95E}.Live.Iran.Release|x64.Build.0 = Release|Any CPU
		{F9B510C8-F7AC-439A-82D6-23D3F08DE95E}.Live.Release|Any CPU.ActiveCfg = Release|Any CPU
		{F9B510C8-F7AC-439A-82D6-23D3F08DE95E}.Live.Release|Any CPU.Build.0 = Release|Any CPU
		{F9B510C8-F7AC-439A-82D6-23D3F08DE95E}.Live.Release|x64.ActiveCfg = Release|Any CPU
		{F9B510C8-F7AC-439A-82D6-23D3F08DE95E}.Live.Release|x64.Build.0 = Release|Any CPU
		{F9B510C8-F7AC-439A-82D6-23D3F08DE95E}.Release|Any CPU.ActiveCfg = Release|Any CPU
		{F9B510C8-F7AC-439A-82D6-23D3F08DE95E}.Release|Any CPU.Build.0 = Release|Any CPU
		{F9B510C8-F7AC-439A-82D6-23D3F08DE95E}.Release|x64.ActiveCfg = Release|Any CPU
		{F9B510C8-F7AC-439A-82D6-23D3F08DE95E}.Release|x64.Build.0 = Release|Any CPU
		{F9B510C8-F7AC-439A-82D6-23D3F08DE95E}.Test.Debug|Any CPU.ActiveCfg = Debug|Any CPU
		{F9B510C8-F7AC-439A-82D6-23D3F08DE95E}.Test.Debug|Any CPU.Build.0 = Debug|Any CPU
		{F9B510C8-F7AC-439A-82D6-23D3F08DE95E}.Test.Debug|x64.ActiveCfg = Debug|Any CPU
		{F9B510C8-F7AC-439A-82D6-23D3F08DE95E}.Test.Debug|x64.Build.0 = Debug|Any CPU
		{F9B510C8-F7AC-439A-82D6-23D3F08DE95E}.Test.Release|Any CPU.ActiveCfg = Release|Any CPU
		{F9B510C8-F7AC-439A-82D6-23D3F08DE95E}.Test.Release|Any CPU.Build.0 = Release|Any CPU
		{F9B510C8-F7AC-439A-82D6-23D3F08DE95E}.Test.Release|x64.ActiveCfg = Release|Any CPU
		{F9B510C8-F7AC-439A-82D6-23D3F08DE95E}.Test.Release|x64.Build.0 = Release|Any CPU
	EndGlobalSection
	GlobalSection(SolutionProperties) = preSolution
		HideSolutionNode = FALSE
	EndGlobalSection
EndGlobal
